
Microsoft Visual Studio Solution File, Format Version 12.00
Project("{FAE04EC0-301F-11D3-BF4B-00C04F79EFBC}") = "EsportPlayerManager", "EsportPlayerManager\EsportPlayerManager.csproj", "{F8F398BC-9DF3-4A28-9F82-A7FA9D2B4F97}"
EndProject
Global
	GlobalSection(SolutionConfigurationPlatforms) = preSolution
		Debug|Any CPU = Debug|Any CPU
		Release|Any CPU = Release|Any CPU
	EndGlobalSection
	GlobalSection(ProjectConfigurationPlatforms) = postSolution
		{F8F398BC-9DF3-4A28-9F82-A7FA9D2B4F97}.Debug|Any CPU.ActiveCfg = Debug|Any CPU
		{F8F398BC-9DF3-4A28-9F82-A7FA9D2B4F97}.Debug|Any CPU.Build.0 = Debug|Any CPU
		{F8F398BC-9DF3-4A28-9F82-A7FA9D2B4F97}.Release|Any CPU.ActiveCfg = Release|Any CPU
		{F8F398BC-9DF3-4A28-9F82-A7FA9D2B4F97}.Release|Any CPU.Build.0 = Release|Any CPU
	EndGlobalSection
EndGlobal
